github.com/Oudwins/tailwind-merge-go v0.2.3 h1:RCiZ/DlLpoJnE5QSs1sRPDtIs3We0RQpsLH7bBWfbUI=
github.com/Oudwins/tailwind-merge-go v0.2.3/go.mod h1:kkZodgOPvZQ8f7SIrlWkG/w1g9JTbtnptnePIh3V72U=
github.com/a-h/templ v0.3.1020 h1:ypAT/L5ySWEnZ6Zft/5yfoWXYYkhFNvEFOeeqecg4tw=
github.com/a-h/templ v0.3.1020/go.mod h1:A2DlK61v+K+NRoGnhmYbNYVmtYHcFO5/AisMvBdDxTM=
github.com/a-h/templ v0.3.1070 h1:3iCOXHXqFXa99OQzgkUOLJbNzv/QjFGLwKZkBAg+ADA=
github.com/a-h/templ v0.3.1070/go.mod h1:iIqB3g2RHBe/WlnPwa+Bvhh1TKXHWLRnBD9NWHOLm78=
github.com/aymanbagabas/go-osc52/v2 v2.0.1 h1:HwpRHbFMcZLEVr42D4p7XBqjyuxQH5SMiErDT4WkJ2k=
github.com/aymanbagabas/go-osc52/v2 v2.0.1/go.mod h1:uYgXzlJ7ZpABp8OJ+exZzJJhRNQ2ASbcXHWsFqH8hp8=
github.com/charmbracelet/colorprofile v0.4.3 h1:QPa1IWkYI+AOB+fE+mg/5/4HRMZcaXex9t5KX76i20Q=
github.com/charmbracelet/colorprofile v0.4.3/go.mod h1:/zT4BhpD5aGFpqQQqw7a+VtHCzu+zrQtt1zhMt9mR4Q=
github.com/charmbracelet/lipgloss v1.1.0 h1:vYXsiLHVkK7fp74RkV7b2kq9+zDLoEU4MZoFqR/noCY=
github.com/charmbracelet/lipgloss v1.1.0/go.mod h1:/6Q8FR2o+kj8rz4Dq0zQc3vYf7X+B0binUUBwA0aL30=
github.com/charmbracelet/log v1.0.0 h1:HVVVMmfOorfj3BA9i8X8UL69Hoz9lI0PYwXfJvOdRc4=
github.com/charmbracelet/log v1.0.0/go.mod h1:uYgY3SmLpwJWxmlrPwXvzVYujxis1vAKRV/0VQB7yWA=
github.com/charmbracelet/x/ansi v0.11.8 h1:JMFwp0CgDC2+jcOB162HH5k7I3FVbgFSMMYg7dSPBQQ=
github.com/charmbracelet/x/ansi v0.11.8/go.mod h1:ZNN+3mXny/516oTQPLMPIBeSINvNJJQ8uQXDgbeJxY0=
github.com/charmbracelet/x/cellbuf v0.0.15 h1:ur3pZy0o6z/R7EylET877CBxaiE1Sp1GMxoFPAIztPI=
github.com/charmbracelet/x/cellbuf v0.0.15/go.mod h1:J1YVbR7MUuEGIFPCaaZ96KDl5NoS0DAWkskup+mOY+Q=
github.com/charmbracelet/x/term v0.2.2 h1:xVRT/S2ZcKdhhOuSP4t5cLi5o+JxklsoEObBSgfgZRk=
github.com/charmbracelet/x/term v0.2.2/go.mod h1:kF8CY5RddLWrsgVwpw4kAa6TESp6EB5y3uxGLeCqzAI=
github.com/clipperhouse/displaywidth v0.11.0 h1:lBc6kY44VFw+TDx4I8opi/EtL9m20WSEFgwIwO+UVM8=
github.com/clipperhouse/displaywidth v0.11.0/go.mod h1:bkrFNkf81G8HyVqmKGxsPufD3JhNl3dSqnGhOoSD/o0=
github.com/clipperhouse/uax29/v2 v2.7.0 h1:+gs4oBZ2gPfVrKPthwbMzWZDaAFPGYK72F0NJv2v7Vk=
github.com/clipperhouse/uax29/v2 v2.7.0/go.mod h1:EFJ2TJMRUaplDxHKj1qAEhCtQPW2tJSwu5BF98AuoVM=
github.com/go-logfmt/logfmt v0.6.1 h1:4hvbpePJKnIzH1B+8OR/JPbTx37NktoI9LE2QZBBkvE=
github.com/go-logfmt/logfmt v0.6.1/go.mod h1:EV2pOAQoZaT1ZXZbqDl5hrymndi4SY9ED9/z6CO0XAk=
github.com/google/go-cmp v0.7.0 h1:wk8382ETsv4JYUZwIsn6YpYiWiBsYLSJiTsyBybVuN8=
github.com/google/go-cmp v0.7.0/go.mod h1:pXiqmnSA92OHEEa9HXL2W4E7lf9JzCmGVUdgjX3N/iU=
github.com/justinas/nosurf v1.2.0 h1:yMs1bSRrNiwXk4AS6n8vL2Ssgpb9CB25T/4xrixaK0s=
github.com/justinas/nosurf v1.2.0/go.mod h1:ALpWdSbuNGy2lZWtyXdjkYv4edL23oSEgfBT1gPJ5BQ=
github.com/larsartmann/go-appkit v0.7.0 h1:jtqgx3ub+gi0YTeJ7eYhYLoL/BHB1ScHIP7Oy8j9sdA=
github.com/larsartmann/go-appkit v0.7.0/go.mod h1:SjYlkEQ7PS/3Tq58xrJ1Wdg77SmmP9Xg3CYZT3+lFCQ=
github.com/larsartmann/go-error-family v0.11.0 h1:xqXLKrTMznStmHUapxd/6Fj5/878sb4SIZiy4JvCItQ=
github.com/larsartmann/go-error-family v0.11.0/go.mod h1:CAzjAVWjAFDUXEaaRqIgjW28i/NrQ07OsE9Dffhx29c=
github.com/larsartmann/go-etag/entitytag v0.6.1 h1:tBr+hR4dqks75SY+pqmUNHUajzOG6qUfT8gE9H+Pbws=
github.com/larsartmann/go-etag/entitytag v0.6.1/go.mod h1:e09zrSYF6RS8c0IzxZnI1HZQw15gIgwlyp3zerGv+bI=
github.com/larsartmann/go-etag/server v0.6.1 h1:JVguufBCoLSj83bHM1FqgfSEYc2x1E31kL/Gt1pESHY=
github.com/larsartmann/go-etag/server v0.6.1/go.mod h1:o3VNBhO58/5rIm0qaU3jLsgRPyjTcaMBtfbHm0lphJk=
github.com/larsartmann/httputil v1.4.1 h1:sTHWwKY4eNmJzRkEmVU4Gi5on7klDqwBMCeEUq8pfsQ=
github.com/larsartmann/httputil v1.4.1/go.mod h1:6SUXrarIpc/qJ9paJfcV4tPrO8bI3ZtzOYwIxKwnLoE=
github.com/larsartmann/httputil/server_timing v1.0.1 h1:9T2YwZfrj71F1NFblFwIDsJZ7rnLU8K1BYlxBmrwfn8=
github.com/larsartmann/httputil/server_timing v1.0.1/go.mod h1:QumWlp/L8NhkwNXZkN/IeLjtE5Y97axZ9LCK9NzSVck=
github.com/larsartmann/templ-components/errorpage v1.20.1 h1:fWrQQNJVvQdD9ywgSGDn6+ogapG7EnvWsiQTPG3Uj+0=
github.com/larsartmann/templ-components/errorpage v1.20.1/go.mod h1:vNhOclWTSnxV49YD22BIDfxbnwkt26/LMleT3CTaEZQ=
github.com/larsartmann/templ-components/icons v1.20.1 h1:R/i+kBMW42GMZbXLjtrHIEqxveUKrDm7QYlywJ0T3po=
github.com/larsartmann/templ-components/icons v1.20.1/go.mod h1:reiIPxug0+gyIs3hnvBKqsXdbYMmH8pPEOnjUWksy5o=
github.com/larsartmann/templ-components/utils v1.20.1 h1:AlsotHpy6ApKr7PBkY6Eq8cFKAL3SNr1e2y4Bsg6w5k=
github.com/larsartmann/templ-components/utils v1.20.1/go.mod h1:BURiNlU0euT637JDbo1klsPuJeBQ30flHZs1STunT+w=
github.com/lucasb-eyer/go-colorful v1.4.1 h1:1EO+WB73+EH8EVbzlrG3KLAfEypQWVHIBqlTf+2hNss=
github.com/lucasb-eyer/go-colorful v1.4.1/go.mod h1:R4dSotOR9KMtayYi1e77YzuveK+i7ruzyGqttikkLy0=
github.com/mattn/go-isatty v0.0.24 h1:tGZZoVgT/KiqK1c8ocVLeDS8BSWMRd47J3Lbz7vsReI=
github.com/mattn/go-isatty v0.0.24/go.mod h1:nMCL3Zebbrt45jsMDgnfIwz6ydEQApk5oEI3HqDio6A=
github.com/mattn/go-runewidth v0.0.30 h1:+KUuiDA4fF0R1p5FeueHefjDm+GIM+kWfFnDjybOPgk=
github.com/mattn/go-runewidth v0.0.30/go.mod h1:3qAiGCV4Koz/yuveO58qUefmUTRm8r0IGEXZ9jeHp/8=
github.com/muesli/termenv v0.16.0 h1:S5AlUN9dENB57rsbnkPyfdGuWIlkmzJjbFf0Tf5FWUc=
github.com/muesli/termenv v0.16.0/go.mod h1:ZRfOIKPFDYQoDFF4Olj7/QJbW60Ol/kL1pU3VfY/Cnk=
github.com/rivo/uniseg v0.4.7 h1:WUdvkW8uEhrYfLC4ZzdpI2ztxP1I582+49Oc5Mq64VQ=
github.com/rivo/uniseg v0.4.7/go.mod h1:FN3SvrM+Zdj16jyLfmOkMNblXMcoc8DfTHruCPUcx88=
github.com/stretchr/testify v1.12.1 h1:EuwCh5fleGS7H32xRwO3wRGT7DxrDhLAT6FF8MpWDWE=
github.com/stretchr/testify v1.12.1/go.mod h1:MDEgiDPPsNp5cuIrHPPCyornHKgEVbtFUmoNlxoYthg=
github.com/xo/terminfo v1.2.0 h1:d0ZTOCpuGE0lwSAOs0zcJjwz3jWQyqcRt9XbGJpCOl4=
github.com/xo/terminfo v1.2.0/go.mod h1:lGzkSo8Fe7IRh/w+Gqz7n5mDog4FVXCj3gy/DYTBqio=
go.yaml.in/yaml/v3 v3.0.5 h1:N6y/pJk8buWs9NY5ERU2HSMfm+IuD/OtfdAnq6kESPw=
go.yaml.in/yaml/v3 v3.0.5/go.mod h1:HVTZu1O7/Vkt2N+BFy8Zza+lnLsABggaTM2ZpNIGuKg=
golang.org/x/exp v0.0.0-20260908205506-85c1c2202aba h1:Ck8QetSgk912qxWLMCKxd0in+aiyBQyDSMae6e/xmpU=
golang.org/x/exp v0.0.0-20260908205506-85c1c2202aba/go.mod h1:50RgIsmK7OwqzTTeqcSXQW8SswW0o8fRcDxmqGluJ8E=
golang.org/x/exp v0.0.0-20261005173118-76772065c9b0 h1:qUp3i6M39kccSm3OMMIE3tvs7YQWO9rFeCKdk1sSaFk=
golang.org/x/exp v0.0.0-20261005173118-76772065c9b0/go.mod h1:SRjTzy5WcYqRRqquLUvHeeovSwLO0CZ3xcltZNO4Fck=
golang.org/x/sys v0.48.0 h1:bbX/i/6MgT9BVLM9RT1thmxL04yeTAhbEz4SyadbXoo=
golang.org/x/sys v0.48.0/go.mod h1:hNLxWAXmnKAxqDtdwIYC4bM9oQPEecfsnNMuSxOs3og=
golang.org/x/time v0.16.0 h1:vMb6ptszcQMkcwiRTAuNNU50gom6++Q/6gY2hDM6VDE=
golang.org/x/time v0.16.0/go.mod h1:rVKOqvZeKvrDKTQiAHJ7wmwP0RzleSphoEA9RcdLA0s=
