github.com/justinas/nosurf v1.2.0 h1:yMs1bSRrNiwXk4AS6n8vL2Ssgpb9CB25T/4xrixaK0s=
github.com/justinas/nosurf v1.2.0/go.mod h1:ALpWdSbuNGy2lZWtyXdjkYv4edL23oSEgfBT1gPJ5BQ=
github.com/larsartmann/go-error-family v0.11.0 h1:xqXLKrTMznStmHUapxd/6Fj5/878sb4SIZiy4JvCItQ=
github.com/larsartmann/go-error-family v0.11.0/go.mod h1:CAzjAVWjAFDUXEaaRqIgjW28i/NrQ07OsE9Dffhx29c=
github.com/larsartmann/go-etag/entitytag v0.6.1 h1:tBr+hR4dqks75SY+pqmUNHUajzOG6qUfT8gE9H+Pbws=
github.com/larsartmann/go-etag/entitytag v0.6.1/go.mod h1:e09zrSYF6RS8c0IzxZnI1HZQw15gIgwlyp3zerGv+bI=
github.com/larsartmann/go-etag/server v0.6.1 h1:JVguufBCoLSj83bHM1FqgfSEYc2x1E31kL/Gt1pESHY=
github.com/larsartmann/go-etag/server v0.6.1/go.mod h1:o3VNBhO58/5rIm0qaU3jLsgRPyjTcaMBtfbHm0lphJk=
github.com/larsartmann/go-flightrecorder v0.2.1 h1:46haKa+T3R8HmtEfVIvF4j6ri8N8qn6H94AFKFMdkE8=
github.com/larsartmann/go-flightrecorder v0.2.1/go.mod h1:fZZpp2eR4SkhI31DTCGheg4QqKE2o9R/22jk3/084tE=
github.com/larsartmann/httputil v1.4.1 h1:sTHWwKY4eNmJzRkEmVU4Gi5on7klDqwBMCeEUq8pfsQ=
github.com/larsartmann/httputil v1.4.1/go.mod h1:6SUXrarIpc/qJ9paJfcV4tPrO8bI3ZtzOYwIxKwnLoE=
github.com/larsartmann/httputil/server_timing v1.0.1 h1:9T2YwZfrj71F1NFblFwIDsJZ7rnLU8K1BYlxBmrwfn8=
github.com/larsartmann/httputil/server_timing v1.0.1/go.mod h1:QumWlp/L8NhkwNXZkN/IeLjtE5Y97axZ9LCK9NzSVck=
golang.org/x/time v0.16.0 h1:vMb6ptszcQMkcwiRTAuNNU50gom6++Q/6gY2hDM6VDE=
golang.org/x/time v0.16.0/go.mod h1:rVKOqvZeKvrDKTQiAHJ7wmwP0RzleSphoEA9RcdLA0s=
