github.com/larsartmann/go-branded-id v0.6.0 h1:bqvJcozqtr8CP7/GWbWqHdYWt2YaIaWZdNvPSbqdZXU=
github.com/larsartmann/go-branded-id v0.6.0/go.mod h1:gM5FhB6d23qZO8hIU/rHpUnm/6dwKy9UGMhgvXDqNsc=
github.com/larsartmann/go-error-family v0.11.0 h1:xqXLKrTMznStmHUapxd/6Fj5/878sb4SIZiy4JvCItQ=
github.com/larsartmann/go-error-family v0.11.0/go.mod h1:CAzjAVWjAFDUXEaaRqIgjW28i/NrQ07OsE9Dffhx29c=
github.com/larsartmann/go-sse v0.6.1 h1:GSc2ueXIjNAsYlZjOR8kfOlm/UwiOh5eNwVmnrqyGVw=
github.com/larsartmann/go-sse v0.6.1/go.mod h1:yN/gsqxOYwt9aqfcsfnIAzENNk+libcm2t3M4ByW1KU=
github.com/larsartmann/go-sse/ssetest v0.2.0 h1:xnze3rcrYrTyssums3SWZmZeCt1prJ2J6CBttovOzRM=
github.com/larsartmann/go-sse/ssetest v0.2.0/go.mod h1:NhScY7qZtXb9cWMBrwM/dXeZ14ArAAahYCIhZUM91qM=
